// !$*UTF8*$!
{
	archiveVersion = 1;
	classes = {
	};
	objectVersion = 50;
	objects = {

/* Begin PBXBuildFile section */
		2D02E032259453D500E8E1CF /* VolumeInfo.swift in Sources */ = {isa = PBXBuildFile; fileRef = 2D02E031259453D500E8E1CF /* VolumeInfo.swift */; };
		2D02E03525945BD000E8E1CF /* EraseDiskController.swift in Sources */ = {isa = PBXBuildFile; fileRef = 2D02E03425945BD000E8E1CF /* EraseDiskController.swift */; };
		2D09EE40259C42C70054CF3A /* CreateInstallWorkflow.swift in Sources */ = {isa = PBXBuildFile; fileRef = 2D09EE3F259C42C70054CF3A /* CreateInstallWorkflow.swift */; };
		2D09EE43259C432C0054CF3A /* CreateInstallTasks.swift in Sources */ = {isa = PBXBuildFile; fileRef = 2D09EE42259C432C0054CF3A /* CreateInstallTasks.swift */; };
		2D0B8BC325A57DE4008313D3 /* Vars.swift in Sources */ = {isa = PBXBuildFile; fileRef = 2D0B8BC225A57DE4008313D3 /* Vars.swift */; };
		2D1A32A3258D959D009DCDFD /* AppDelegate.swift in Sources */ = {isa = PBXBuildFile; fileRef = 2D1A32A2258D959D009DCDFD /* AppDelegate.swift */; };
		2D1A32A5258D959D009DCDFD /* ViewController.swift in Sources */ = {isa = PBXBuildFile; fileRef = 2D1A32A4258D959D009DCDFD /* ViewController.swift */; };
		2D1A32A7258D959E009DCDFD /* Assets.xcassets in Resources */ = {isa = PBXBuildFile; fileRef = 2D1A32A6258D959E009DCDFD /* Assets.xcassets */; };
		2D1A32AA258D959E009DCDFD /* Main.storyboard in Resources */ = {isa = PBXBuildFile; fileRef = 2D1A32A8258D959E009DCDFD /* Main.storyboard */; };
		2D23BF64258EA04B0019BD90 /* CommandRunner.swift in Sources */ = {isa = PBXBuildFile; fileRef = 2D23BF63258EA04B0019BD90 /* CommandRunner.swift */; };
		2D2E4E1E259C03930088999C /* FileWriter.swift in Sources */ = {isa = PBXBuildFile; fileRef = 2D2E4E1D259C03930088999C /* FileWriter.swift */; };
		2D3E60FE259D430C00DE6488 /* ViewControllerSetup.swift in Sources */ = {isa = PBXBuildFile; fileRef = 2D3E60FD259D430C00DE6488 /* ViewControllerSetup.swift */; };
		2D522BAC25A35FA000E25780 /* WindowController.swift in Sources */ = {isa = PBXBuildFile; fileRef = 2D522BAB25A35FA000E25780 /* WindowController.swift */; };
		2D522BB525A36A5B00E25780 /* Exts.swift in Sources */ = {isa = PBXBuildFile; fileRef = 2D522BB425A36A5B00E25780 /* Exts.swift */; };
		2D522BBA25A36AE100E25780 /* Structs.swift in Sources */ = {isa = PBXBuildFile; fileRef = 2D522BB925A36AE100E25780 /* Structs.swift */; };
		2D522BBD25A36B8D00E25780 /* BootSystem.swift in Sources */ = {isa = PBXBuildFile; fileRef = 2D522BBC25A36B8D00E25780 /* BootSystem.swift */; };
		2D522BC025A36BDD00E25780 /* InstallKCs.swift in Sources */ = {isa = PBXBuildFile; fileRef = 2D522BBF25A36BDD00E25780 /* InstallKCs.swift */; };
		2D522BC325A36C2700E25780 /* PatchBools.swift in Sources */ = {isa = PBXBuildFile; fileRef = 2D522BC225A36C2700E25780 /* PatchBools.swift */; };
		2D522BC625A36C8400E25780 /* InstallKext.swift in Sources */ = {isa = PBXBuildFile; fileRef = 2D522BC525A36C8400E25780 /* InstallKext.swift */; };
		2D6CEC3B25AE77F60055CDD1 /* TaskInProgress.swift in Sources */ = {isa = PBXBuildFile; fileRef = 2D6CEC3A25AE77F60055CDD1 /* TaskInProgress.swift */; };
		2D7787EF258F0BC700305EC3 /* CredsViewController.swift in Sources */ = {isa = PBXBuildFile; fileRef = 2D7787EE258F0BC700305EC3 /* CredsViewController.swift */; };
		2D8630FE25A234D3006DDFFC /* PostInstallWorkflow.swift in Sources */ = {isa = PBXBuildFile; fileRef = 2D8630FD25A234D3006DDFFC /* PostInstallWorkflow.swift */; };
		2D993A66258DCA79003A5553 /* FileDownloader.swift in Sources */ = {isa = PBXBuildFile; fileRef = 2D993A65258DCA79003A5553 /* FileDownloader.swift */; };
		2D99C49A259F27210035669B /* Utilities.swift in Sources */ = {isa = PBXBuildFile; fileRef = 2D99C499259F27210035669B /* Utilities.swift */; };
		2D99C49D259F2D280035669B /* PostInstallActions.swift in Sources */ = {isa = PBXBuildFile; fileRef = 2D99C49C259F2D280035669B /* PostInstallActions.swift */; };
		2D9BB503259EAC96007DE72A /* PreInstallActions.swift in Sources */ = {isa = PBXBuildFile; fileRef = 2D9BB502259EAC96007DE72A /* PreInstallActions.swift */; };
		2DAFF44C259AB7ED00D48E20 /* CreateInstallActions.swift in Sources */ = {isa = PBXBuildFile; fileRef = 2DAFF44B259AB7ED00D48E20 /* CreateInstallActions.swift */; };
		2DB7DEB625B0FB2900DEA688 /* InProgressTasks.swift in Sources */ = {isa = PBXBuildFile; fileRef = 2DB7DEB525B0FB2900DEA688 /* InProgressTasks.swift */; };
		2DB7DEE025B3B5CF00DEA688 /* ErrorMsgController.swift in Sources */ = {isa = PBXBuildFile; fileRef = 2DB7DEDF25B3B5CF00DEA688 /* ErrorMsgController.swift */; };
		2DC0952525A36E0B00C8FE85 /* Notifications.swift in Sources */ = {isa = PBXBuildFile; fileRef = 2DC0952425A36E0B00C8FE85 /* Notifications.swift */; };
		2DCEAF6E25A7F6EF0064A9B6 /* PostInstallController.swift in Sources */ = {isa = PBXBuildFile; fileRef = 2DCEAF6D25A7F6EF0064A9B6 /* PostInstallController.swift */; };
		2DCEAF7325A80B9F0064A9B6 /* Menlo.ttc in Resources */ = {isa = PBXBuildFile; fileRef = 2DCEAF7225A80B900064A9B6 /* Menlo.ttc */; };
		2DE42E3D25918F56005E10C6 /* CreateInstallHelpers.swift in Sources */ = {isa = PBXBuildFile; fileRef = 2DE42E3C25918F56005E10C6 /* CreateInstallHelpers.swift */; };
		2DFBD81E25A418B40098024C /* InstallerDiskController.swift in Sources */ = {isa = PBXBuildFile; fileRef = 2DFBD81D25A418B40098024C /* InstallerDiskController.swift */; };
		2DFE54FB25A2D7D500BE3AA0 /* bm2 in Resources */ = {isa = PBXBuildFile; fileRef = 2DFE54FA25A2D7D500BE3AA0 /* bm2 */; };
		2DFE54FE25A2D7DE00BE3AA0 /* lax in Resources */ = {isa = PBXBuildFile; fileRef = 2DFE54FD25A2D7DE00BE3AA0 /* lax */; };
		6F61AC02267ECF9500674C11 /* bigdata.dmg in Resources */ = {isa = PBXBuildFile; fileRef = 6F61ABFF267ECF7700674C11 /* bigdata.dmg */; };
		6F6AA8CD25BB98C6002FF64F /* kmu in Resources */ = {isa = PBXBuildFile; fileRef = 6F6AA8CC25BB98C6002FF64F /* kmu */; };
/* End PBXBuildFile section */

/* Begin PBXFileReference section */
		2D02E031259453D500E8E1CF /* VolumeInfo.swift */ = {isa = PBXFileReference; lastKnownFileType = sourcecode.swift; path = VolumeInfo.swift; sourceTree = "<group>"; };
		2D02E03425945BD000E8E1CF /* EraseDiskController.swift */ = {isa = PBXFileReference; lastKnownFileType = sourcecode.swift; path = EraseDiskController.swift; sourceTree = "<group>"; };
		2D09EE3F259C42C70054CF3A /* CreateInstallWorkflow.swift */ = {isa = PBXFileReference; lastKnownFileType = sourcecode.swift; path = CreateInstallWorkflow.swift; sourceTree = "<group>"; };
		2D09EE42259C432C0054CF3A /* CreateInstallTasks.swift */ = {isa = PBXFileReference; lastKnownFileType = sourcecode.swift; path = CreateInstallTasks.swift; sourceTree = "<group>"; };
		2D0B8BC225A57DE4008313D3 /* Vars.swift */ = {isa = PBXFileReference; lastKnownFileType = sourcecode.swift; path = Vars.swift; sourceTree = "<group>"; };
		2D1A329F258D959D009DCDFD /* bigmac2.app */ = {isa = PBXFileReference; explicitFileType = wrapper.application; includeInIndex = 0; path = bigmac2.app; sourceTree = BUILT_PRODUCTS_DIR; };
		2D1A32A2258D959D009DCDFD /* AppDelegate.swift */ = {isa = PBXFileReference; lastKnownFileType = sourcecode.swift; path = AppDelegate.swift; sourceTree = "<group>"; };
		2D1A32A4258D959D009DCDFD /* ViewController.swift */ = {isa = PBXFileReference; lastKnownFileType = sourcecode.swift; path = ViewController.swift; sourceTree = "<group>"; };
		2D1A32A6258D959E009DCDFD /* Assets.xcassets */ = {isa = PBXFileReference; lastKnownFileType = folder.assetcatalog; path = Assets.xcassets; sourceTree = "<group>"; };
		2D1A32A9258D959E009DCDFD /* Base */ = {isa = PBXFileReference; lastKnownFileType = file.storyboard; name = Base; path = Base.lproj/Main.storyboard; sourceTree = "<group>"; };
		2D1A32AB258D959E009DCDFD /* Info.plist */ = {isa = PBXFileReference; lastKnownFileType = text.plist.xml; path = Info.plist; sourceTree = "<group>"; };
		2D23BF63258EA04B0019BD90 /* CommandRunner.swift */ = {isa = PBXFileReference; lastKnownFileType = sourcecode.swift; path = CommandRunner.swift; sourceTree = "<group>"; };
		2D2E4E1D259C03930088999C /* FileWriter.swift */ = {isa = PBXFileReference; lastKnownFileType = sourcecode.swift; path = FileWriter.swift; sourceTree = "<group>"; };
		2D3E60FD259D430C00DE6488 /* ViewControllerSetup.swift */ = {isa = PBXFileReference; lastKnownFileType = sourcecode.swift; path = ViewControllerSetup.swift; sourceTree = "<group>"; };
		2D522BA925A2E20000E25780 /* bm2tmp0.dmg */ = {isa = PBXFileReference; lastKnownFileType = file; path = bm2tmp0.dmg; sourceTree = "<group>"; };
		2D522BAB25A35FA000E25780 /* WindowController.swift */ = {isa = PBXFileReference; lastKnownFileType = sourcecode.swift; path = WindowController.swift; sourceTree = "<group>"; };
		2D522BB425A36A5B00E25780 /* Exts.swift */ = {isa = PBXFileReference; lastKnownFileType = sourcecode.swift; path = Exts.swift; sourceTree = "<group>"; };
		2D522BB925A36AE100E25780 /* Structs.swift */ = {isa = PBXFileReference; lastKnownFileType = sourcecode.swift; path = Structs.swift; sourceTree = "<group>"; };
		2D522BBC25A36B8D00E25780 /* BootSystem.swift */ = {isa = PBXFileReference; lastKnownFileType = sourcecode.swift; path = BootSystem.swift; sourceTree = "<group>"; };
		2D522BBF25A36BDD00E25780 /* InstallKCs.swift */ = {isa = PBXFileReference; lastKnownFileType = sourcecode.swift; path = InstallKCs.swift; sourceTree = "<group>"; };
		2D522BC225A36C2700E25780 /* PatchBools.swift */ = {isa = PBXFileReference; lastKnownFileType = sourcecode.swift; path = PatchBools.swift; sourceTree = "<group>"; };
		2D522BC525A36C8400E25780 /* InstallKext.swift */ = {isa = PBXFileReference; lastKnownFileType = sourcecode.swift; path = InstallKext.swift; sourceTree = "<group>"; };
		2D6CEC3A25AE77F60055CDD1 /* TaskInProgress.swift */ = {isa = PBXFileReference; lastKnownFileType = sourcecode.swift; path = TaskInProgress.swift; sourceTree = "<group>"; };
		2D7787EE258F0BC700305EC3 /* CredsViewController.swift */ = {isa = PBXFileReference; lastKnownFileType = sourcecode.swift; path = CredsViewController.swift; sourceTree = "<group>"; };
		2D8630FD25A234D3006DDFFC /* PostInstallWorkflow.swift */ = {isa = PBXFileReference; lastKnownFileType = sourcecode.swift; path = PostInstallWorkflow.swift; sourceTree = "<group>"; };
		2D993A63258DC0AC003A5553 /* bigmac2.entitlements */ = {isa = PBXFileReference; fileEncoding = 4; lastKnownFileType = text.plist.entitlements; path = bigmac2.entitlements; sourceTree = "<group>"; };
		2D993A65258DCA79003A5553 /* FileDownloader.swift */ = {isa = PBXFileReference; lastKnownFileType = sourcecode.swift; path = FileDownloader.swift; sourceTree = "<group>"; };
		2D99C499259F27210035669B /* Utilities.swift */ = {isa = PBXFileReference; lastKnownFileType = sourcecode.swift; path = Utilities.swift; sourceTree = "<group>"; };
		2D99C49C259F2D280035669B /* PostInstallActions.swift */ = {isa = PBXFileReference; lastKnownFileType = sourcecode.swift; path = PostInstallActions.swift; sourceTree = "<group>"; };
		2D9BB502259EAC96007DE72A /* PreInstallActions.swift */ = {isa = PBXFileReference; lastKnownFileType = sourcecode.swift; path = PreInstallActions.swift; sourceTree = "<group>"; };
		2DAFF44B259AB7ED00D48E20 /* CreateInstallActions.swift */ = {isa = PBXFileReference; lastKnownFileType = sourcecode.swift; path = CreateInstallActions.swift; sourceTree = "<group>"; };
		2DB7DEB525B0FB2900DEA688 /* InProgressTasks.swift */ = {isa = PBXFileReference; lastKnownFileType = sourcecode.swift; path = InProgressTasks.swift; sourceTree = "<group>"; };
		2DB7DEDF25B3B5CF00DEA688 /* ErrorMsgController.swift */ = {isa = PBXFileReference; lastKnownFileType = sourcecode.swift; path = ErrorMsgController.swift; sourceTree = "<group>"; };
		2DC0952425A36E0B00C8FE85 /* Notifications.swift */ = {isa = PBXFileReference; fileEncoding = 4; lastKnownFileType = sourcecode.swift; path = Notifications.swift; sourceTree = "<group>"; };
		2DCEAF6D25A7F6EF0064A9B6 /* PostInstallController.swift */ = {isa = PBXFileReference; lastKnownFileType = sourcecode.swift; path = PostInstallController.swift; sourceTree = "<group>"; };
		2DCEAF7225A80B900064A9B6 /* Menlo.ttc */ = {isa = PBXFileReference; lastKnownFileType = file; path = Menlo.ttc; sourceTree = "<group>"; };
		2DE42E3C25918F56005E10C6 /* CreateInstallHelpers.swift */ = {isa = PBXFileReference; lastKnownFileType = sourcecode.swift; path = CreateInstallHelpers.swift; sourceTree = "<group>"; };
		2DFBD81D25A418B40098024C /* InstallerDiskController.swift */ = {isa = PBXFileReference; lastKnownFileType = sourcecode.swift; path = InstallerDiskController.swift; sourceTree = "<group>"; };
		2DFE54FA25A2D7D500BE3AA0 /* bm2 */ = {isa = PBXFileReference; lastKnownFileType = "compiled.mach-o.executable"; path = bm2; sourceTree = "<group>"; };
		2DFE54FD25A2D7DE00BE3AA0 /* lax */ = {isa = PBXFileReference; lastKnownFileType = "compiled.mach-o.executable"; path = lax; sourceTree = "<group>"; };
		6F61ABFF267ECF7700674C11 /* bigdata.dmg */ = {isa = PBXFileReference; lastKnownFileType = file; path = bigdata.dmg; sourceTree = "<group>"; };
		6F6AA8CC25BB98C6002FF64F /* kmu */ = {isa = PBXFileReference; lastKnownFileType = "compiled.mach-o.executable"; path = kmu; sourceTree = "<group>"; };
/* End PBXFileReference section */

/* Begin PBXFrameworksBuildPhase section */
		2D1A329C258D959D009DCDFD /* Frameworks */ = {
			isa = PBXFrameworksBuildPhase;
			buildActionMask = 2147483647;
			files = (
			);
			runOnlyForDeploymentPostprocessing = 0;
		};
/* End PBXFrameworksBuildPhase section */

/* Begin PBXGroup section */
		2D09EE46259C44020054CF3A /* CreateInstall */ = {
			isa = PBXGroup;
			children = (
				2DE42E3C25918F56005E10C6 /* CreateInstallHelpers.swift */,
				2D09EE42259C432C0054CF3A /* CreateInstallTasks.swift */,
				2D09EE3F259C42C70054CF3A /* CreateInstallWorkflow.swift */,
				2DAFF44B259AB7ED00D48E20 /* CreateInstallActions.swift */,
			);
			path = CreateInstall;
			sourceTree = "<group>";
		};
		2D1A3296258D959D009DCDFD = {
			isa = PBXGroup;
			children = (
				2D538EFD259008730066D908 /* Resources */,
				2D1A32A1258D959D009DCDFD /* bigmac2 */,
				2D1A32A0258D959D009DCDFD /* Products */,
			);
			sourceTree = "<group>";
		};
		2D1A32A0258D959D009DCDFD /* Products */ = {
			isa = PBXGroup;
			children = (
				2D1A329F258D959D009DCDFD /* bigmac2.app */,
			);
			name = Products;
			sourceTree = "<group>";
		};
		2D1A32A1258D959D009DCDFD /* bigmac2 */ = {
			isa = PBXGroup;
			children = (
				2D3E60ED259CFB7D00DE6488 /* Global */,
				2D7787F8258F1CDE00305EC3 /* Model */,
				2D7787F7258F1CCC00305EC3 /* View */,
				2D7787F4258F1C8C00305EC3 /* Controllers */,
				2D1A32AB258D959E009DCDFD /* Info.plist */,
				2D1A32A6258D959E009DCDFD /* Assets.xcassets */,
				2D993A63258DC0AC003A5553 /* bigmac2.entitlements */,
			);
			path = bigmac2;
			sourceTree = "<group>";
		};
		2D3E60ED259CFB7D00DE6488 /* Global */ = {
			isa = PBXGroup;
			children = (
				2D0B8BC225A57DE4008313D3 /* Vars.swift */,
				2D522BB925A36AE100E25780 /* Structs.swift */,
				2D522BC225A36C2700E25780 /* PatchBools.swift */,
			);
			path = Global;
			sourceTree = "<group>";
		};
		2D3E60EE259CFB9400DE6488 /* Command */ = {
			isa = PBXGroup;
			children = (
				2D23BF63258EA04B0019BD90 /* CommandRunner.swift */,
			);
			path = Command;
			sourceTree = "<group>";
		};
		2D522BB725A36A6900E25780 /* Extensions */ = {
			isa = PBXGroup;
			children = (
				2D522BB425A36A5B00E25780 /* Exts.swift */,
			);
			path = Extensions;
			sourceTree = "<group>";
		};
		2D538EFD259008730066D908 /* Resources */ = {
			isa = PBXGroup;
			children = (
				6F61ABFF267ECF7700674C11 /* bigdata.dmg */,
				2DCEAF7225A80B900064A9B6 /* Menlo.ttc */,
				2D522BA925A2E20000E25780 /* bm2tmp0.dmg */,
				6F6AA8CC25BB98C6002FF64F /* kmu */,
				2DFE54FA25A2D7D500BE3AA0 /* bm2 */,
				2DFE54FD25A2D7DE00BE3AA0 /* lax */,
			);
			path = Resources;
			sourceTree = "<group>";
		};
		2D62EB2525A2891900C528CD /* Preinstall */ = {
			isa = PBXGroup;
			children = (
				2D9BB502259EAC96007DE72A /* PreInstallActions.swift */,
			);
			path = Preinstall;
			sourceTree = "<group>";
		};
		2D7787F4258F1C8C00305EC3 /* Controllers */ = {
			isa = PBXGroup;
			children = (
				2D1A32A4258D959D009DCDFD /* ViewController.swift */,
				2DB7DEDF25B3B5CF00DEA688 /* ErrorMsgController.swift */,
				2D6CEC3A25AE77F60055CDD1 /* TaskInProgress.swift */,
				2D3E60FD259D430C00DE6488 /* ViewControllerSetup.swift */,
				2D522BAB25A35FA000E25780 /* WindowController.swift */,
				2D02E03425945BD000E8E1CF /* EraseDiskController.swift */,
				2D7787EE258F0BC700305EC3 /* CredsViewController.swift */,
				2DFBD81D25A418B40098024C /* InstallerDiskController.swift */,
				2DCEAF6D25A7F6EF0064A9B6 /* PostInstallController.swift */,
			);
			path = Controllers;
			sourceTree = "<group>";
		};
		2D7787F7258F1CCC00305EC3 /* View */ = {
			isa = PBXGroup;
			children = (
				2D1A32A2258D959D009DCDFD /* AppDelegate.swift */,
				2D1A32A8258D959E009DCDFD /* Main.storyboard */,
			);
			path = View;
			sourceTree = "<group>";
		};
		2D7787F8258F1CDE00305EC3 /* Model */ = {
			isa = PBXGroup;
			children = (
				2D522BB725A36A6900E25780 /* Extensions */,
				2DC0952825A36E4500C8FE85 /* FileManager */,
				2D3E60EE259CFB9400DE6488 /* Command */,
				2D09EE46259C44020054CF3A /* CreateInstall */,
				2D86310025A247B0006DDFFC /* PostInstall */,
				2D62EB2525A2891900C528CD /* Preinstall */,
				2DC0952725A36E1800C8FE85 /* Tools */,
			);
			path = Model;
			sourceTree = "<group>";
		};
		2D86310025A247B0006DDFFC /* PostInstall */ = {
			isa = PBXGroup;
			children = (
				2D8630FD25A234D3006DDFFC /* PostInstallWorkflow.swift */,
				2D99C49C259F2D280035669B /* PostInstallActions.swift */,
			);
			path = PostInstall;
			sourceTree = "<group>";
		};
		2DC0952725A36E1800C8FE85 /* Tools */ = {
			isa = PBXGroup;
			children = (
				2DB7DEB525B0FB2900DEA688 /* InProgressTasks.swift */,
				2DC0952425A36E0B00C8FE85 /* Notifications.swift */,
				2D99C499259F27210035669B /* Utilities.swift */,
				2D522BBF25A36BDD00E25780 /* InstallKCs.swift */,
				2D522BC525A36C8400E25780 /* InstallKext.swift */,
			);
			path = Tools;
			sourceTree = "<group>";
		};
		2DC0952825A36E4500C8FE85 /* FileManager */ = {
			isa = PBXGroup;
			children = (
				2D02E031259453D500E8E1CF /* VolumeInfo.swift */,
				2D993A65258DCA79003A5553 /* FileDownloader.swift */,
				2D2E4E1D259C03930088999C /* FileWriter.swift */,
				2D522BBC25A36B8D00E25780 /* BootSystem.swift */,
			);
			path = FileManager;
			sourceTree = "<group>";
		};
/* End PBXGroup section */

/* Begin PBXNativeTarget section */
		2D1A329E258D959D009DCDFD /* bigmac2 */ = {
			isa = PBXNativeTarget;
			buildConfigurationList = 2D1A32AF258D959E009DCDFD /* Build configuration list for PBXNativeTarget "bigmac2" */;
			buildPhases = (
				2D1A329B258D959D009DCDFD /* Sources */,
				2D1A329C258D959D009DCDFD /* Frameworks */,
				2D1A329D258D959D009DCDFD /* Resources */,
			);
			buildRules = (
			);
			dependencies = (
			);
			name = bigmac2;
			packageProductDependencies = (
			);
			productName = bigmac2;
			productReference = 2D1A329F258D959D009DCDFD /* bigmac2.app */;
			productType = "com.apple.product-type.application";
		};
/* End PBXNativeTarget section */

/* Begin PBXProject section */
		2D1A3297258D959D009DCDFD /* Project object */ = {
			isa = PBXProject;
			attributes = {
				LastSwiftUpdateCheck = 1230;
				LastUpgradeCheck = 1240;
				TargetAttributes = {
					2D1A329E258D959D009DCDFD = {
						CreatedOnToolsVersion = 12.3;
						LastSwiftMigration = 1230;
					};
				};
			};
			buildConfigurationList = 2D1A329A258D959D009DCDFD /* Build configuration list for PBXProject "bigmac2" */;
			compatibilityVersion = "Xcode 9.3";
			developmentRegion = en;
			hasScannedForEncodings = 0;
			knownRegions = (
				en,
				Base,
			);
			mainGroup = 2D1A3296258D959D009DCDFD;
			packageReferences = (
			);
			productRefGroup = 2D1A32A0258D959D009DCDFD /* Products */;
			projectDirPath = "";
			projectRoot = "";
			targets = (
				2D1A329E258D959D009DCDFD /* bigmac2 */,
			);
		};
/* End PBXProject section */

/* Begin PBXResourcesBuildPhase section */
		2D1A329D258D959D009DCDFD /* Resources */ = {
			isa = PBXResourcesBuildPhase;
			buildActionMask = 2147483647;
			files = (
				6F6AA8CD25BB98C6002FF64F /* kmu in Resources */,
				2DFE54FE25A2D7DE00BE3AA0 /* lax in Resources */,
				2DCEAF7325A80B9F0064A9B6 /* Menlo.ttc in Resources */,
				2DFE54FB25A2D7D500BE3AA0 /* bm2 in Resources */,
				2D1A32A7258D959E009DCDFD /* Assets.xcassets in Resources */,
				6F61AC02267ECF9500674C11 /* bigdata.dmg in Resources */,
				2D1A32AA258D959E009DCDFD /* Main.storyboard in Resources */,
			);
			runOnlyForDeploymentPostprocessing = 0;
		};
/* End PBXResourcesBuildPhase section */

/* Begin PBXSourcesBuildPhase section */
		2D1A329B258D959D009DCDFD /* Sources */ = {
			isa = PBXSourcesBuildPhase;
			buildActionMask = 2147483647;
			files = (
				2D2E4E1E259C03930088999C /* FileWriter.swift in Sources */,
				2D993A66258DCA79003A5553 /* FileDownloader.swift in Sources */,
				2D1A32A5258D959D009DCDFD /* ViewController.swift in Sources */,
				2DC0952525A36E0B00C8FE85 /* Notifications.swift in Sources */,
				2D522BBA25A36AE100E25780 /* Structs.swift in Sources */,
				2DE42E3D25918F56005E10C6 /* CreateInstallHelpers.swift in Sources */,
				2D522BC025A36BDD00E25780 /* InstallKCs.swift in Sources */,
				2D1A32A3258D959D009DCDFD /* AppDelegate.swift in Sources */,
				2D99C49A259F27210035669B /* Utilities.swift in Sources */,
				2D3E60FE259D430C00DE6488 /* ViewControllerSetup.swift in Sources */,
				2D522BC325A36C2700E25780 /* PatchBools.swift in Sources */,
				2D09EE40259C42C70054CF3A /* CreateInstallWorkflow.swift in Sources */,
				2DB7DEB625B0FB2900DEA688 /* InProgressTasks.swift in Sources */,
				2D522BC625A36C8400E25780 /* InstallKext.swift in Sources */,
				2D23BF64258EA04B0019BD90 /* CommandRunner.swift in Sources */,
				2D522BAC25A35FA000E25780 /* WindowController.swift in Sources */,
				2DB7DEE025B3B5CF00DEA688 /* ErrorMsgController.swift in Sources */,
				2D522BBD25A36B8D00E25780 /* BootSystem.swift in Sources */,
				2D7787EF258F0BC700305EC3 /* CredsViewController.swift in Sources */,
				2D0B8BC325A57DE4008313D3 /* Vars.swift in Sources */,
				2D02E032259453D500E8E1CF /* VolumeInfo.swift in Sources */,
				2DCEAF6E25A7F6EF0064A9B6 /* PostInstallController.swift in Sources */,
				2DAFF44C259AB7ED00D48E20 /* CreateInstallActions.swift in Sources */,
				2D99C49D259F2D280035669B /* PostInstallActions.swift in Sources */,
				2D09EE43259C432C0054CF3A /* CreateInstallTasks.swift in Sources */,
				2D8630FE25A234D3006DDFFC /* PostInstallWorkflow.swift in Sources */,
				2DFBD81E25A418B40098024C /* InstallerDiskController.swift in Sources */,
				2D6CEC3B25AE77F60055CDD1 /* TaskInProgress.swift in Sources */,
				2D02E03525945BD000E8E1CF /* EraseDiskController.swift in Sources */,
				2D522BB525A36A5B00E25780 /* Exts.swift in Sources */,
				2D9BB503259EAC96007DE72A /* PreInstallActions.swift in Sources */,
			);
			runOnlyForDeploymentPostprocessing = 0;
		};
/* End PBXSourcesBuildPhase section */

/* Begin PBXVariantGroup section */
		2D1A32A8258D959E009DCDFD /* Main.storyboard */ = {
			isa = PBXVariantGroup;
			children = (
				2D1A32A9258D959E009DCDFD /* Base */,
			);
			name = Main.storyboard;
			sourceTree = "<group>";
		};
/* End PBXVariantGroup section */

/* Begin XCBuildConfiguration section */
		2D1A32AD258D959E009DCDFD /* Debug */ = {
			isa = XCBuildConfiguration;
			buildSettings = {
				CLANG_WARN_BLOCK_CAPTURE_AUTORELEASING = YES;
				CLANG_WARN_BOOL_CONVERSION = YES;
				CLANG_WARN_COMMA = YES;
				CLANG_WARN_CONSTANT_CONVERSION = YES;
				CLANG_WARN_DEPRECATED_OBJC_IMPLEMENTATIONS = YES;
				CLANG_WARN_EMPTY_BODY = YES;
				CLANG_WARN_ENUM_CONVERSION = YES;
				CLANG_WARN_INFINITE_RECURSION = YES;
				CLANG_WARN_INT_CONVERSION = YES;
				CLANG_WARN_NON_LITERAL_NULL_CONVERSION = YES;
				CLANG_WARN_OBJC_IMPLICIT_RETAIN_SELF = YES;
				CLANG_WARN_OBJC_LITERAL_CONVERSION = YES;
				CLANG_WARN_QUOTED_INCLUDE_IN_FRAMEWORK_HEADER = YES;
				CLANG_WARN_RANGE_LOOP_ANALYSIS = YES;
				CLANG_WARN_STRICT_PROTOTYPES = YES;
				CLANG_WARN_SUSPICIOUS_MOVE = YES;
				CLANG_WARN_UNREACHABLE_CODE = YES;
				CLANG_WARN__DUPLICATE_METHOD_MATCH = YES;
				ENABLE_STRICT_OBJC_MSGSEND = YES;
				ENABLE_TESTABILITY = YES;
				GCC_NO_COMMON_BLOCKS = YES;
				GCC_WARN_64_TO_32_BIT_CONVERSION = YES;
				GCC_WARN_ABOUT_RETURN_TYPE = YES;
				GCC_WARN_UNDECLARED_SELECTOR = YES;
				GCC_WARN_UNINITIALIZED_AUTOS = YES;
				GCC_WARN_UNUSED_FUNCTION = YES;
				GCC_WARN_UNUSED_VARIABLE = YES;
				MACOSX_DEPLOYMENT_TARGET = 10.13;
				ONLY_ACTIVE_ARCH = YES;
				SWIFT_VERSION = 5.0;
			};
			name = Debug;
		};
		2D1A32AE258D959E009DCDFD /* Release */ = {
			isa = XCBuildConfiguration;
			buildSettings = {
				CLANG_WARN_BLOCK_CAPTURE_AUTORELEASING = YES;
				CLANG_WARN_BOOL_CONVERSION = YES;
				CLANG_WARN_COMMA = YES;
				CLANG_WARN_CONSTANT_CONVERSION = YES;
				CLANG_WARN_DEPRECATED_OBJC_IMPLEMENTATIONS = YES;
				CLANG_WARN_EMPTY_BODY = YES;
				CLANG_WARN_ENUM_CONVERSION = YES;
				CLANG_WARN_INFINITE_RECURSION = YES;
				CLANG_WARN_INT_CONVERSION = YES;
				CLANG_WARN_NON_LITERAL_NULL_CONVERSION = YES;
				CLANG_WARN_OBJC_IMPLICIT_RETAIN_SELF = YES;
				CLANG_WARN_OBJC_LITERAL_CONVERSION = YES;
				CLANG_WARN_QUOTED_INCLUDE_IN_FRAMEWORK_HEADER = YES;
				CLANG_WARN_RANGE_LOOP_ANALYSIS = YES;
				CLANG_WARN_STRICT_PROTOTYPES = YES;
				CLANG_WARN_SUSPICIOUS_MOVE = YES;
				CLANG_WARN_UNREACHABLE_CODE = YES;
				CLANG_WARN__DUPLICATE_METHOD_MATCH = YES;
				ENABLE_STRICT_OBJC_MSGSEND = YES;
				GCC_NO_COMMON_BLOCKS = YES;
				GCC_WARN_64_TO_32_BIT_CONVERSION = YES;
				GCC_WARN_ABOUT_RETURN_TYPE = YES;
				GCC_WARN_UNDECLARED_SELECTOR = YES;
				GCC_WARN_UNINITIALIZED_AUTOS = YES;
				GCC_WARN_UNUSED_FUNCTION = YES;
				GCC_WARN_UNUSED_VARIABLE = YES;
				MACOSX_DEPLOYMENT_TARGET = 10.13;
				ONLY_ACTIVE_ARCH = NO;
				SWIFT_COMPILATION_MODE = wholemodule;
				SWIFT_VERSION = 5.0;
			};
			name = Release;
		};
		2D1A32B0258D959E009DCDFD /* Debug */ = {
			isa = XCBuildConfiguration;
			buildSettings = {
				ARCHS = "$(ARCHS_STANDARD)";
				ASSETCATALOG_COMPILER_APPICON_NAME = AppIcon;
				ASSETCATALOG_COMPILER_GLOBAL_ACCENT_COLOR_NAME = AccentColor;
				CLANG_ENABLE_MODULES = YES;
				CLANG_ENABLE_OBJC_WEAK = YES;
				CODE_SIGN_ENTITLEMENTS = bigmac2/bigmac2.entitlements;
				CODE_SIGN_IDENTITY = "Apple Development";
				CODE_SIGN_STYLE = Automatic;
				COMBINE_HIDPI_IMAGES = YES;
				CURRENT_PROJECT_VERSION = 15;
				DEVELOPMENT_TEAM = 469UCUB275;
				ENABLE_HARDENED_RUNTIME = YES;
				INFOPLIST_FILE = bigmac2/Info.plist;
				LD_RUNPATH_SEARCH_PATHS = (
					"$(inherited)",
					"@executable_path/../Frameworks",
				);
				MARKETING_VERSION = "2.0.2 beta";
				OTHER_LDFLAGS = "-mmacosx-version-min=10.13";
				PRODUCT_BUNDLE_IDENTIFIER = com.brusstodd.bigmac2;
				PRODUCT_NAME = "$(TARGET_NAME)";
				SWIFT_OPTIMIZATION_LEVEL = "-Onone";
				SWIFT_VERSION = 5.0;
			};
			name = Debug;
		};
		2D1A32B1258D959E009DCDFD /* Release */ = {
			isa = XCBuildConfiguration;
			buildSettings = {
				ARCHS = "$(ARCHS_STANDARD)";
				ASSETCATALOG_COMPILER_APPICON_NAME = AppIcon;
				ASSETCATALOG_COMPILER_GLOBAL_ACCENT_COLOR_NAME = AccentColor;
				CLANG_ENABLE_MODULES = YES;
				CLANG_ENABLE_OBJC_WEAK = YES;
				CODE_SIGN_ENTITLEMENTS = bigmac2/bigmac2.entitlements;
				CODE_SIGN_IDENTITY = "Apple Development";
				CODE_SIGN_STYLE = Automatic;
				COMBINE_HIDPI_IMAGES = YES;
				CURRENT_PROJECT_VERSION = 15;
				DEVELOPMENT_TEAM = 469UCUB275;
				ENABLE_HARDENED_RUNTIME = YES;
				INFOPLIST_FILE = bigmac2/Info.plist;
				LD_RUNPATH_SEARCH_PATHS = (
					"$(inherited)",
					"@executable_path/../Frameworks",
				);
				MARKETING_VERSION = "2.0.2 beta";
				OTHER_LDFLAGS = "-mmacosx-version-min=10.13";
				PRODUCT_BUNDLE_IDENTIFIER = com.brusstodd.bigmac2;
				PRODUCT_NAME = "$(TARGET_NAME)";
				SWIFT_OPTIMIZATION_LEVEL = "-Onone";
				SWIFT_VERSION = 5.0;
			};
			name = Release;
		};
/* End XCBuildConfiguration section */

/* Begin XCConfigurationList section */
		2D1A329A258D959D009DCDFD /* Build configuration list for PBXProject "bigmac2" */ = {
			isa = XCConfigurationList;
			buildConfigurations = (
				2D1A32AD258D959E009DCDFD /* Debug */,
				2D1A32AE258D959E009DCDFD /* Release */,
			);
			defaultConfigurationIsVisible = 0;
			defaultConfigurationName = Release;
		};
		2D1A32AF258D959E009DCDFD /* Build configuration list for PBXNativeTarget "bigmac2" */ = {
			isa = XCConfigurationList;
			buildConfigurations = (
				2D1A32B0258D959E009DCDFD /* Debug */,
				2D1A32B1258D959E009DCDFD /* Release */,
			);
			defaultConfigurationIsVisible = 0;
			defaultConfigurationName = Release;
		};
/* End XCConfigurationList section */
	};
	rootObject = 2D1A3297258D959D009DCDFD /* Project object */;
}
